{
    "_meta": {
        "hash": {
            "sha256": "d0499a067b1a26484b0a3324372d2f46fc3f93cd6759eb4faed5fdd312aed809"
        },
        "pipfile-spec": 6,
        "requires": {
            "python_version": "3.6"
        },
        "sources": [
            {
                "name": "pypi",
                "url": "https://pypi.org/simple",
                "verify_ssl": true
            }
        ]
    },
    "default": {
        "dj-database-url": {
            "hashes": [
                "sha256:4aeaeb1f573c74835b0686a2b46b85990571159ffc21aa57ecd4d1e1cb334163",
                "sha256:851785365761ebe4994a921b433062309eb882fedd318e1b0fcecc607ed02da9"
            ],
            "index": "pypi",
            "version": "==0.5.0"
        },
        "django": {
            "hashes": [
                "sha256:7f246078d5a546f63c28fc03ce71f4d7a23677ce42109219c24c9ffb28416137",
                "sha256:ea50d85709708621d956187c6b61d9f9ce155007b496dd914fdb35db8d790aec"
            ],
            "index": "pypi",
            "version": "==2.1.0"
        },
        "django-heroku": {
            "hashes": [
                "sha256:2bc690aab89eedbe01311752320a9a12e7548e3b0ed102681acc5736a41a4762",
                "sha256:6af4bc3ae4a9b55eaad6dbe5164918982d2762661aebc9f83d9fa49f6009514e"
            ],
            "index": "pypi",
            "version": "==0.3.1"
        },
        "djangorestframework": {
            "hashes": [
                "sha256:607865b0bb1598b153793892101d881466bd5a991de12bd6229abb18b1c86136",
                "sha256:63f76cbe1e7d12b94c357d7e54401103b2e52aef0f7c1650d6c820ad708776e5"
            ],
            "index": "pypi",
            "version": "==3.9.0"
        },
        "gunicorn": {
            "hashes": [
                "sha256:aa8e0b40b4157b36a5df5e599f45c9c76d6af43845ba3b3b0efe2c70473c2471",
                "sha256:fa2662097c66f920f53f70621c6c58ca4a3c4d3434205e608e121b5b3b71f4f3"
            ],
            "index": "pypi",
            "version": "==19.9.0"
        },
        "psycopg2": {
            "hashes": [
                "sha256:162ab9fc7c2be46b45978bdeecc54ab48f90e57c26c927bfbdcbedee77d22dac",
                "sha256:1b40c5549c0e39c95e26df4c6cdf49f3d85def38310da78628f1d29c3e7d177e",
                "sha256:2854703bf7c1287408f16d66a011426be07540748f19a84644677d6b8d1284a7",
                "sha256:29db29bc5603ff9dc3a639a8e329ca4ab970d01d6fd27bcf2038e6514fe161f4",
                "sha256:2fd25489f2fc5b1a4ab4a131cb7e6c804a664b4201e03d1c5aefcbb055b8bad6",
                "sha256:4807cc2a3bf844b882bd11bdf43805430993ac29fa95ac3ed1cbaa24ab9c0319",
                "sha256:4dd7ce445059e63b249dbcf6a759c45d1ae5f4e6468c60d50f4829e09d52cd4a",
                "sha256:5c11fc5091af28d048c321f2b23a3f984ffb5b546ab3cb7424c52c6feae6c965",
                "sha256:5d6d3e80658bf7436202358490beabe7fc78497f5defecb4e9db91d19d5d2778",
                "sha256:624d9e75d5cf636236ef0e7c325761d8e795200c91154d344b0efcdece535a93",
                "sha256:65a7560c7dc45cd7cb8083e07341789ca9c1e3d668c04e198ec925da1ef0012c",
                "sha256:6a81bba87531e11e93eb5e193e3f25498eb4e3d7a0a730675ea311913ea93f8f",
                "sha256:6be1b5c96a122387afef18669f3bb0fb255a22e77da85bc37fdd5367a446880c",
                "sha256:94f7ca8013fa17b14e8be72dcc4994046fcd40f85b8cf45d13cdfcf777aad0f4",
                "sha256:9b3009f237df518951fc2385dd444b7d79b83c4a9cdd26141d2bd9eabd32d681",
                "sha256:9bfadd7163ec17983c1e395782755ea1c15702e4b79ed333ff70995cd4fb5505",
                "sha256:a1f302a2ef32b16a8a6515d5ae6368460ad7434ba6a3751f5a2c1084f6234ff6",
                "sha256:ad2d1274e69fac940c66854cbc92c9eda572b4b30cab4073d4383148874a8974",
                "sha256:b148f8ccdf9d59bf762b67b80c4a46b9ce1e90dee0f10907640e5a18b07d0ee6",
                "sha256:b2bc3bc99355fe26a76d1225c32ae6f97604f575cb41cd8e8a4932bbc5b932a7",
                "sha256:b60024e969aaecc47530f96c723c4cac63d34606fb57806bed49991ff35aecea",
                "sha256:b807ca62f8844f3eb7bff5790ffc4bd851f51a22f453b59fe3c9461e097eac6d",
                "sha256:bbb843f752f582de95db533d371cf55acf69acd86b0b22e35d89f045c1f6c139",
                "sha256:bc580e4dd39031eea0a662a3e8353b9fa90e500aa7ae14b4589cd4572f7ba4c3",
                "sha256:c9bd49848556d04093909faec017c3675efabf78c2b7f383bf7c43ba18324ac8",
                "sha256:cbd910a5d9e3c2e49c2e8f827f2261c27260260a0b46284445d1a3dd12265be8",
                "sha256:cf4f620f3401e4e8f9e2934c45284e21d404bbe65cd7b81a50402f30c1160109",
                "sha256:d2089a8dc7fea97386d66e46aabf5674538d946dcaf3374f736411638c93c2c4",
                "sha256:db49705698f9edd4878457166b09e53788d3e7f10d86f490ee5978ce2613bc06",
                "sha256:f2ae745ee9b65e04fcca2bbb7ff6d92c196b732f04d0b570310f8958b58ecb64",
                "sha256:febc7334b1f33c08c5c8d29353d557d8510ff1205f9e7ef454a3f8306c79e9b4"
            ],
            "index": "pypi",
            "version": "==2.7.3"
        },
        "pytz": {
            "hashes": [
                "sha256:31cb35c89bd7d333cd32c5f278fca91b523b0834369e757f4c5641ea252236ca",
                "sha256:8e0f8568c118d3077b46be7d654cc8167fa916092e28320cde048e54bfc9f1e6"
            ],
            "version": "==2018.7"
        },
        "pyyaml": {
            "hashes": [
                "sha256:3d7da3009c0f3e783b2c873687652d83b1bbfd5c88e9813fb7e5b03c0dd3108b",
                "sha256:3ef3092145e9b70e3ddd2c7ad59bdd0252a94dfe3949721633e41344de00a6bf",
                "sha256:40c71b8e076d0550b2e6380bada1f1cd1017b882f7e16f09a65be98e017f211a",
                "sha256:558dd60b890ba8fd982e05941927a3911dc409a63dcb8b634feaa0cda69330d3",
                "sha256:a7c28b45d9f99102fa092bb213aa12e0aaf9a6a1f5e395d36166639c1f96c3a1",
                "sha256:aa7dd4a6a427aed7df6fb7f08a580d68d9b118d90310374716ae90b710280af1",
                "sha256:bc558586e6045763782014934bfaf39d48b8ae85a2713117d16c39864085c613",
                "sha256:d46d7982b62e0729ad0175a9bc7e10a566fc07b224d2c79fafb5e032727eaa04",
                "sha256:d5eef459e30b09f5a098b9cea68bebfeb268697f78d647bd255a085371ac7f3f",
                "sha256:e01d3203230e1786cd91ccfdc8f8454c8069c91bee3962ad93b87a4b2860f537",
                "sha256:e170a9e6fcfd19021dd29845af83bb79236068bf5fd4df3327c1be18182b2531"
            ],
            "index": "pypi",
            "version": "==3.13"
        },
        "whitenoise": {
            "hashes": [
                "sha256:133a92ff0ab8fb9509f77d4f7d0de493eca19c6fea973f4195d4184f888f2e02",
                "sha256:32b57d193478908a48acb66bf73e7a3c18679263e3e64bfebcfac1144a430039"
            ],
            "version": "==4.1"
        }
    },
    "develop": {}
}
